
Microsoft Visual Studio Solution File, Format Version 12.00
# Visual Studio Version 17
VisualStudioVersion = 17.9.34714.143
MinimumVisualStudioVersion = 10.0.40219.1
Project("{9A19103F-16F7-4668-BE54-9A1E7A4F7556}") = "RickyBarefield.ForceDirectedGraph", "ForceDirectedGraph\RickyBarefield.ForceDirectedGraph.csproj", "{7F23460A-4701-4E55-9592-6E0B84052966}"
EndProject
Project("{9A19103F-16F7-4668-BE54-9A1E7A4F7556}") = "RickyBarefield.ForceDirectedGraph.Example", "Example\RickyBarefield.ForceDirectedGraph.Example.csproj", "{4FA3F8A9-48A0-438F-88A0-AB82E5B1B4D1}"
EndProject
Global
	GlobalSection(SolutionConfigurationPlatforms) = preSolution
		Debug|Any CPU = Debug|Any CPU
		Release|Any CPU = Release|Any CPU
	EndGlobalSection
	GlobalSection(ProjectConfigurationPlatforms) = postSolution
		{7F23460A-4701-4E55-9592-6E0B84052966}.Debug|Any CPU.ActiveCfg = Debug|Any CPU
		{7F23460A-4701-4E55-9592-6E0B84052966}.Debug|Any CPU.Build.0 = Debug|Any CPU
		{7F23460A-4701-4E55-9592-6E0B84052966}.Release|Any CPU.ActiveCfg = Release|Any CPU
		{7F23460A-4701-4E55-9592-6E0B84052966}.Release|Any CPU.Build.0 = Release|Any CPU
		{4FA3F8A9-48A0-438F-88A0-AB82E5B1B4D1}.Debug|Any CPU.ActiveCfg = Debug|Any CPU
		{4FA3F8A9-48A0-438F-88A0-AB82E5B1B4D1}.Debug|Any CPU.Build.0 = Debug|Any CPU
		{4FA3F8A9-48A0-438F-88A0-AB82E5B1B4D1}.Release|Any CPU.ActiveCfg = Release|Any CPU
		{4FA3F8A9-48A0-438F-88A0-AB82E5B1B4D1}.Release|Any CPU.Build.0 = Release|Any CPU
	EndGlobalSection
	GlobalSection(SolutionProperties) = preSolution
		HideSolutionNode = FALSE
	EndGlobalSection
	GlobalSection(ExtensibilityGlobals) = postSolution
		SolutionGuid = {054E9382-31F4-4838-8136-BC4D9E707D38}
	EndGlobalSection
EndGlobal
